// !$*UTF8*$!
{
	archiveVersion = 1;
	classes = {
	};
	objectVersion = 46;
	objects = {

/* Begin PBXBuildFile section */
		862233521D524D0700BBC8C7 /* nanismus.ino in Sources */ = {isa = PBXBuildFile; fileRef = 86A233521D524D0700BBC8C7 /* nanismus.ino */; };
		86A232D01D524D0500BBC8C7 /* main.cpp in Sources */ = {isa = PBXBuildFile; fileRef = 86A232CF1D524D0500BBC8C7 /* main.cpp */; };
/* End PBXBuildFile section */

/* Begin PBXContainerItemProxy section */
		F0D84DFB1EC4FE7100C69CA3 /* PBXContainerItemProxy */ = {
			isa = PBXContainerItemProxy;
			containerPortal = F0D84DF21EC4FE6F00C69CA3 /* nanismus project.xcodeproj */;
			proxyType = 2;
			remoteGlobalIDString = F0D84D8F1EC4FE6F00C69CA3;
			remoteInfo = Index;
		};
/* End PBXContainerItemProxy section */

/* Begin PBXFileReference section */
		864D3A851D6923310057C367 /* website */ = {isa = PBXFileReference; lastKnownFileType = folder; name = website; path = ../../../../website; sourceTree = "<group>"; };
		86A232CC1D524D0500BBC8C7 /* Index */ = {isa = PBXFileReference; explicitFileType = "compiled.mach-o.executable"; includeInIndex = 0; path = Index; sourceTree = BUILT_PRODUCTS_DIR; };
		86A232CF1D524D0500BBC8C7 /* main.cpp */ = {isa = PBXFileReference; lastKnownFileType = sourcecode.cpp.cpp; path = main.cpp; sourceTree = "<group>"; };
		86A232D11D524D0500BBC8C7 /* Makefile */ = {isa = PBXFileReference; explicitFileType = sourcecode.make; path = Makefile; sourceTree = "<group>"; };
		86A232D31D524D0500BBC8C7 /* ReadMe.txt */ = {isa = PBXFileReference; lastKnownFileType = text; path = ReadMe.txt; sourceTree = "<group>"; };
		86A232D51D524D0500BBC8C7 /* Sketchbook.txt */ = {isa = PBXFileReference; lastKnownFileType = text; name = Sketchbook.txt; path = Sketchbook/Sketchbook.txt; sourceTree = "<group>"; };
		86A233271D524D0600BBC8C7 /* AdafruitAVR_165.mk */ = {isa = PBXFileReference; explicitFileType = sourcecode.make; name = AdafruitAVR_165.mk; path = Makefiles/AdafruitAVR_165.mk; sourceTree = "<group>"; };
		86A233281D524D0600BBC8C7 /* ArduinoAVR_165.mk */ = {isa = PBXFileReference; explicitFileType = sourcecode.make; name = ArduinoAVR_165.mk; path = Makefiles/ArduinoAVR_165.mk; sourceTree = "<group>"; };
		86A233291D524D0600BBC8C7 /* ArduinoAVR_166.mk */ = {isa = PBXFileReference; explicitFileType = sourcecode.make; name = ArduinoAVR_166.mk; path = Makefiles/ArduinoAVR_166.mk; sourceTree = "<group>"; };
		86A2332A1D524D0600BBC8C7 /* ArduinoAVR_177.mk */ = {isa = PBXFileReference; explicitFileType = sourcecode.make; name = ArduinoAVR_177.mk; path = Makefiles/ArduinoAVR_177.mk; sourceTree = "<group>"; };
		86A2332B1D524D0600BBC8C7 /* ArduinoSAM_165.mk */ = {isa = PBXFileReference; explicitFileType = sourcecode.make; name = ArduinoSAM_165.mk; path = Makefiles/ArduinoSAM_165.mk; sourceTree = "<group>"; };
		86A2332C1D524D0600BBC8C7 /* ArduinoSAM_177.mk */ = {isa = PBXFileReference; explicitFileType = sourcecode.make; name = ArduinoSAM_177.mk; path = Makefiles/ArduinoSAM_177.mk; sourceTree = "<group>"; };
		86A2332D1D524D0600BBC8C7 /* ArduinoSAMD_165.mk */ = {isa = PBXFileReference; explicitFileType = sourcecode.make; name = ArduinoSAMD_165.mk; path = Makefiles/ArduinoSAMD_165.mk; sourceTree = "<group>"; };
		86A2332E1D524D0600BBC8C7 /* ArduinoSAMD_177.mk */ = {isa = PBXFileReference; explicitFileType = sourcecode.make; name = ArduinoSAMD_177.mk; path = Makefiles/ArduinoSAMD_177.mk; sourceTree = "<group>"; };
		86A2332F1D524D0600BBC8C7 /* DigistumpAVR_165.mk */ = {isa = PBXFileReference; explicitFileType = sourcecode.make; name = DigistumpAVR_165.mk; path = Makefiles/DigistumpAVR_165.mk; sourceTree = "<group>"; };
		86A233301D524D0600BBC8C7 /* DigistumpOAK_165.mk */ = {isa = PBXFileReference; explicitFileType = sourcecode.make; name = DigistumpOAK_165.mk; path = Makefiles/DigistumpOAK_165.mk; sourceTree = "<group>"; };
		86A233311D524D0600BBC8C7 /* EnergiaMSP430.mk */ = {isa = PBXFileReference; explicitFileType = sourcecode.make; name = EnergiaMSP430.mk; path = Makefiles/EnergiaMSP430.mk; sourceTree = "<group>"; };
		86A233321D524D0600BBC8C7 /* EnergiaMSP432EMT.mk */ = {isa = PBXFileReference; explicitFileType = sourcecode.make; name = EnergiaMSP432EMT.mk; path = Makefiles/EnergiaMSP432EMT.mk; sourceTree = "<group>"; };
		86A233331D524D0600BBC8C7 /* EnergiaLM4F.mk */ = {isa = PBXFileReference; explicitFileType = sourcecode.make; name = EnergiaLM4F.mk; path = Makefiles/EnergiaLM4F.mk; sourceTree = "<group>"; };
		86A233341D524D0600BBC8C7 /* EnergiaCC3200.mk */ = {isa = PBXFileReference; explicitFileType = sourcecode.make; name = EnergiaCC3200.mk; path = Makefiles/EnergiaCC3200.mk; sourceTree = "<group>"; };
		86A233351D524D0600BBC8C7 /* EnergiaCC3200EMT.mk */ = {isa = PBXFileReference; explicitFileType = sourcecode.make; name = EnergiaCC3200EMT.mk; path = Makefiles/EnergiaCC3200EMT.mk; sourceTree = "<group>"; };
		86A233361D524D0600BBC8C7 /* IntelEdison_165.mk */ = {isa = PBXFileReference; explicitFileType = sourcecode.make; name = IntelEdison_165.mk; path = Makefiles/IntelEdison_165.mk; sourceTree = "<group>"; };
		86A233371D524D0600BBC8C7 /* IntelGalileo_165.mk */ = {isa = PBXFileReference; explicitFileType = sourcecode.make; name = IntelGalileo_165.mk; path = Makefiles/IntelGalileo_165.mk; sourceTree = "<group>"; };
		86A233381D524D0600BBC8C7 /* ESP8266_165.mk */ = {isa = PBXFileReference; explicitFileType = sourcecode.make; name = ESP8266_165.mk; path = Makefiles/ESP8266_165.mk; sourceTree = "<group>"; };
		86A233391D524D0600BBC8C7 /* MapleIDE.mk */ = {isa = PBXFileReference; explicitFileType = sourcecode.make; name = MapleIDE.mk; path = Makefiles/MapleIDE.mk; sourceTree = "<group>"; };
		86A2333A1D524D0600BBC8C7 /* LittleRobotFriends_165.mk */ = {isa = PBXFileReference; explicitFileType = sourcecode.make; name = LittleRobotFriends_165.mk; path = Makefiles/LittleRobotFriends_165.mk; sourceTree = "<group>"; };
		86A2333B1D524D0600BBC8C7 /* RedBearLabAVR_165.mk */ = {isa = PBXFileReference; explicitFileType = sourcecode.make; name = RedBearLabAVR_165.mk; path = Makefiles/RedBearLabAVR_165.mk; sourceTree = "<group>"; };
		86A2333C1D524D0600BBC8C7 /* RedBearLabNRF_165.mk */ = {isa = PBXFileReference; explicitFileType = sourcecode.make; name = RedBearLabNRF_165.mk; path = Makefiles/RedBearLabNRF_165.mk; sourceTree = "<group>"; };
		86A2333D1D524D0600BBC8C7 /* Microduino_168.mk */ = {isa = PBXFileReference; explicitFileType = sourcecode.make; name = Microduino_168.mk; path = Makefiles/Microduino_168.mk; sourceTree = "<group>"; };
		86A2333E1D524D0700BBC8C7 /* chipKIT_165.mk */ = {isa = PBXFileReference; explicitFileType = sourcecode.make; name = chipKIT_165.mk; path = Makefiles/chipKIT_165.mk; sourceTree = "<group>"; };
		86A2333F1D524D0700BBC8C7 /* panStampAVR_165.mk */ = {isa = PBXFileReference; explicitFileType = sourcecode.make; name = panStampAVR_165.mk; path = Makefiles/panStampAVR_165.mk; sourceTree = "<group>"; };
		86A233401D524D0700BBC8C7 /* panStampNRG_165.mk */ = {isa = PBXFileReference; explicitFileType = sourcecode.make; name = panStampNRG_165.mk; path = Makefiles/panStampNRG_165.mk; sourceTree = "<group>"; };
		86A233411D524D0700BBC8C7 /* Wiring.mk */ = {isa = PBXFileReference; explicitFileType = sourcecode.make; name = Wiring.mk; path = Makefiles/Wiring.mk; sourceTree = "<group>"; };
		86A233421D524D0700BBC8C7 /* Teensy.mk */ = {isa = PBXFileReference; explicitFileType = sourcecode.make; name = Teensy.mk; path = Makefiles/Teensy.mk; sourceTree = "<group>"; };
		86A233431D524D0700BBC8C7 /* Teensy2.mk */ = {isa = PBXFileReference; explicitFileType = sourcecode.make; name = Teensy2.mk; path = Makefiles/Teensy2.mk; sourceTree = "<group>"; };
		86A233441D524D0700BBC8C7 /* Teensy3.mk */ = {isa = PBXFileReference; explicitFileType = sourcecode.make; name = Teensy3.mk; path = Makefiles/Teensy3.mk; sourceTree = "<group>"; };
		86A233451D524D0700BBC8C7 /* UdooNeo_165.mk */ = {isa = PBXFileReference; explicitFileType = sourcecode.make; name = UdooNeo_165.mk; path = Makefiles/UdooNeo_165.mk; sourceTree = "<group>"; };
		86A233461D524D0700BBC8C7 /* About.mk */ = {isa = PBXFileReference; explicitFileType = sourcecode.make; name = About.mk; path = Makefiles/About.mk; sourceTree = "<group>"; };
		86A233471D524D0700BBC8C7 /* Step1.mk */ = {isa = PBXFileReference; explicitFileType = sourcecode.make; name = Step1.mk; path = Makefiles/Step1.mk; sourceTree = "<group>"; };
		86A233481D524D0700BBC8C7 /* Step2.mk */ = {isa = PBXFileReference; explicitFileType = sourcecode.make; name = Step2.mk; path = Makefiles/Step2.mk; sourceTree = "<group>"; };
		86A233491D524D0700BBC8C7 /* Avrdude.mk */ = {isa = PBXFileReference; explicitFileType = sourcecode.make; name = Avrdude.mk; path = Makefiles/Avrdude.mk; sourceTree = "<group>"; };
		86A2334B1D524D0700BBC8C7 /* reset_maple.py */ = {isa = PBXFileReference; lastKnownFileType = text.script.python; name = reset_maple.py; path = Utilities/reset_maple.py; sourceTree = "<group>"; };
		86A2334C1D524D0700BBC8C7 /* reset_1200.py */ = {isa = PBXFileReference; lastKnownFileType = text.script.python; name = reset_1200.py; path = Utilities/reset_1200.py; sourceTree = "<group>"; };
		86A2334E1D524D0700BBC8C7 /* embedXcode_check */ = {isa = PBXFileReference; lastKnownFileType = "compiled.mach-o.executable"; name = embedXcode_check; path = Utilities/embedXcode_check; sourceTree = "<group>"; };
		86A2334F1D524D0700BBC8C7 /* embedXcode_chrono */ = {isa = PBXFileReference; lastKnownFileType = "compiled.mach-o.executable"; name = embedXcode_chrono; path = Utilities/embedXcode_chrono; sourceTree = "<group>"; };
		86A233501D524D0700BBC8C7 /* TemplateIcon.icns */ = {isa = PBXFileReference; lastKnownFileType = image.icns; name = TemplateIcon.icns; path = Utilities/TemplateIcon.icns; sourceTree = "<group>"; };
		86A233511D524D0700BBC8C7 /* uploader_izmir.sh */ = {isa = PBXFileReference; lastKnownFileType = text.script.sh; name = uploader_izmir.sh; path = Utilities/uploader_izmir.sh; sourceTree = "<group>"; };
		86A233521D524D0700BBC8C7 /* nanismus.ino */ = {isa = PBXFileReference; explicitFileType = sourcecode.cpp.cpp; path = nanismus.ino; sourceTree = "<group>"; };
		86F0C5831D5A3C9000DF21F9 /* Libraries */ = {isa = PBXFileReference; lastKnownFileType = folder; name = Libraries; path = Sketchbook/Libraries; sourceTree = "<group>"; };
		86F5FAB81D621771002E1616 /* fritzing */ = {isa = PBXFileReference; lastKnownFileType = folder; name = fritzing; path = ../../../../fritzing; sourceTree = "<group>"; };
		F09AB4B51EBF98DC006D3152 /* Arduino */ = {isa = PBXFileReference; lastKnownFileType = folder; name = Arduino; path = ../../../../../Arduino; sourceTree = "<group>"; };
		F0D84DF21EC4FE6F00C69CA3 /* nanismus project.xcodeproj */ = {isa = PBXFileReference; lastKnownFileType = "wrapper.pb-project"; name = "nanismus project.xcodeproj"; path = "nanismus project/nanismus project.xcodeproj"; sourceTree = "<group>"; };
		F0D84DFD1EC4FF1100C69CA3 /* Sketchbook.txt */ = {isa = PBXFileReference; fileEncoding = 4; lastKnownFileType = text; name = Sketchbook.txt; path = Sketchbook/Sketchbook.txt; sourceTree = "<group>"; };
		F0D84DFF1EC4FF1D00C69CA3 /* Arduino Due (Programming Port).xcconfig */ = {isa = PBXFileReference; fileEncoding = 4; lastKnownFileType = text.xcconfig; name = "Arduino Due (Programming Port).xcconfig"; path = "Configurations/Arduino Due (Programming Port).xcconfig"; sourceTree = "<group>"; };
		F0D84E001EC4FF1D00C69CA3 /* Arduino Duemilanove.xcconfig */ = {isa = PBXFileReference; fileEncoding = 4; lastKnownFileType = text.xcconfig; name = "Arduino Duemilanove.xcconfig"; path = "Configurations/Arduino Duemilanove.xcconfig"; sourceTree = "<group>"; };
		F0D84E011EC4FF1D00C69CA3 /* Arduino Leonardo.xcconfig */ = {isa = PBXFileReference; fileEncoding = 4; lastKnownFileType = text.xcconfig; name = "Arduino Leonardo.xcconfig"; path = "Configurations/Arduino Leonardo.xcconfig"; sourceTree = "<group>"; };
		F0D84E021EC4FF1D00C69CA3 /* Arduino Mega 2560.xcconfig */ = {isa = PBXFileReference; fileEncoding = 4; lastKnownFileType = text.xcconfig; name = "Arduino Mega 2560.xcconfig"; path = "Configurations/Arduino Mega 2560.xcconfig"; sourceTree = "<group>"; };
		F0D84E031EC4FF1D00C69CA3 /* Arduino Micro.xcconfig */ = {isa = PBXFileReference; fileEncoding = 4; lastKnownFileType = text.xcconfig; name = "Arduino Micro.xcconfig"; path = "Configurations/Arduino Micro.xcconfig"; sourceTree = "<group>"; };
		F0D84E041EC4FF1D00C69CA3 /* Arduino Pro ATmega328-3.3V.xcconfig */ = {isa = PBXFileReference; fileEncoding = 4; lastKnownFileType = text.xcconfig; name = "Arduino Pro ATmega328-3.3V.xcconfig"; path = "Configurations/Arduino Pro ATmega328-3.3V.xcconfig"; sourceTree = "<group>"; };
		F0D84E051EC4FF1D00C69CA3 /* Arduino Pro ATmega328-5V.xcconfig */ = {isa = PBXFileReference; fileEncoding = 4; lastKnownFileType = text.xcconfig; name = "Arduino Pro ATmega328-5V.xcconfig"; path = "Configurations/Arduino Pro ATmega328-5V.xcconfig"; sourceTree = "<group>"; };
		F0D84E061EC4FF1D00C69CA3 /* Arduino Mini ATmega168.xcconfig */ = {isa = PBXFileReference; fileEncoding = 4; lastKnownFileType = text.xcconfig; name = "Arduino Mini ATmega168.xcconfig"; path = "Configurations/Arduino Mini ATmega168.xcconfig"; sourceTree = "<group>"; };
		F0D84E071EC4FF1D00C69CA3 /* Arduino Mini ATmega328.xcconfig */ = {isa = PBXFileReference; fileEncoding = 4; lastKnownFileType = text.xcconfig; name = "Arduino Mini ATmega328.xcconfig"; path = "Configurations/Arduino Mini ATmega328.xcconfig"; sourceTree = "<group>"; };
		F0D84E081EC4FF1D00C69CA3 /* Arduino Nano ATmega168.xcconfig */ = {isa = PBXFileReference; fileEncoding = 4; lastKnownFileType = text.xcconfig; name = "Arduino Nano ATmega168.xcconfig"; path = "Configurations/Arduino Nano ATmega168.xcconfig"; sourceTree = "<group>"; };
		F0D84E091EC4FF1D00C69CA3 /* Arduino Nano ATmega328.xcconfig */ = {isa = PBXFileReference; fileEncoding = 4; lastKnownFileType = text.xcconfig; name = "Arduino Nano ATmega328.xcconfig"; path = "Configurations/Arduino Nano ATmega328.xcconfig"; sourceTree = "<group>"; };
		F0D84E0A1EC4FF1D00C69CA3 /* Arduino Robot Control.xcconfig */ = {isa = PBXFileReference; fileEncoding = 4; lastKnownFileType = text.xcconfig; name = "Arduino Robot Control.xcconfig"; path = "Configurations/Arduino Robot Control.xcconfig"; sourceTree = "<group>"; };
		F0D84E0B1EC4FF1D00C69CA3 /* Arduino Robot Motor.xcconfig */ = {isa = PBXFileReference; fileEncoding = 4; lastKnownFileType = text.xcconfig; name = "Arduino Robot Motor.xcconfig"; path = "Configurations/Arduino Robot Motor.xcconfig"; sourceTree = "<group>"; };
		F0D84E0C1EC4FF1D00C69CA3 /* Arduino Uno.xcconfig */ = {isa = PBXFileReference; fileEncoding = 4; lastKnownFileType = text.xcconfig; name = "Arduino Uno.xcconfig"; path = "Configurations/Arduino Uno.xcconfig"; sourceTree = "<group>"; };
		F0D84E0D1EC4FF1D00C69CA3 /* Arduino Yun (USB).xcconfig */ = {isa = PBXFileReference; fileEncoding = 4; lastKnownFileType = text.xcconfig; name = "Arduino Yun (USB).xcconfig"; path = "Configurations/Arduino Yun (USB).xcconfig"; sourceTree = "<group>"; };
		F0D84E0E1EC4FF1D00C69CA3 /* Arduino Zero (Programming Port).xcconfig */ = {isa = PBXFileReference; fileEncoding = 4; lastKnownFileType = text.xcconfig; name = "Arduino Zero (Programming Port).xcconfig"; path = "Configurations/Arduino Zero (Programming Port).xcconfig"; sourceTree = "<group>"; };
		F0D84E0F1EC4FF1D00C69CA3 /* Arduino M0 Pro (Programming Port).xcconfig */ = {isa = PBXFileReference; fileEncoding = 4; lastKnownFileType = text.xcconfig; name = "Arduino M0 Pro (Programming Port).xcconfig"; path = "Configurations/Arduino M0 Pro (Programming Port).xcconfig"; sourceTree = "<group>"; };
		F0D84E101EC4FF1D00C69CA3 /* Arduino Tian (USB).xcconfig */ = {isa = PBXFileReference; fileEncoding = 4; lastKnownFileType = text.xcconfig; name = "Arduino Tian (USB).xcconfig"; path = "Configurations/Arduino Tian (USB).xcconfig"; sourceTree = "<group>"; };
		F0D84E111EC4FF1D00C69CA3 /* ESP8266.xcconfig */ = {isa = PBXFileReference; fileEncoding = 4; lastKnownFileType = text.xcconfig; name = ESP8266.xcconfig; path = Configurations/ESP8266.xcconfig; sourceTree = "<group>"; };
		F0D84E121EC4FF1D00C69CA3 /* NodeMCU 0.9 ESP-12.xcconfig */ = {isa = PBXFileReference; fileEncoding = 4; lastKnownFileType = text.xcconfig; name = "NodeMCU 0.9 ESP-12.xcconfig"; path = "Configurations/NodeMCU 0.9 ESP-12.xcconfig"; sourceTree = "<group>"; };
		F0D84E131EC4FF1D00C69CA3 /* NodeMCU 1.0 ESP-12E.xcconfig */ = {isa = PBXFileReference; fileEncoding = 4; lastKnownFileType = text.xcconfig; name = "NodeMCU 1.0 ESP-12E.xcconfig"; path = "Configurations/NodeMCU 1.0 ESP-12E.xcconfig"; sourceTree = "<group>"; };
		F0D84E141EC4FF1D00C69CA3 /* Experimeter Board MSP430FR5739.xcconfig */ = {isa = PBXFileReference; fileEncoding = 4; lastKnownFileType = text.xcconfig; name = "Experimeter Board MSP430FR5739.xcconfig"; path = "Configurations/Experimeter Board MSP430FR5739.xcconfig"; sourceTree = "<group>"; };
		F0D84E151EC4FF1D00C69CA3 /* LaunchPad MSP432P401 EMT.xcconfig */ = {isa = PBXFileReference; fileEncoding = 4; lastKnownFileType = text.xcconfig; name = "LaunchPad MSP432P401 EMT.xcconfig"; path = "Configurations/LaunchPad MSP432P401 EMT.xcconfig"; sourceTree = "<group>"; };
		F0D84E161EC4FF1D00C69CA3 /* LaunchPad CC3200 WiFi.xcconfig */ = {isa = PBXFileReference; fileEncoding = 4; lastKnownFileType = text.xcconfig; name = "LaunchPad CC3200 WiFi.xcconfig"; path = "Configurations/LaunchPad CC3200 WiFi.xcconfig"; sourceTree = "<group>"; };
		F0D84E171EC4FF1D00C69CA3 /* LaunchPad CC3200 WiFi EMT.xcconfig */ = {isa = PBXFileReference; fileEncoding = 4; lastKnownFileType = text.xcconfig; name = "LaunchPad CC3200 WiFi EMT.xcconfig"; path = "Configurations/LaunchPad CC3200 WiFi EMT.xcconfig"; sourceTree = "<group>"; };
		F0D84E181EC4FF1D00C69CA3 /* LaunchPad LM4F120 Stellaris.xcconfig */ = {isa = PBXFileReference; fileEncoding = 4; lastKnownFileType = text.xcconfig; name = "LaunchPad LM4F120 Stellaris.xcconfig"; path = "Configurations/LaunchPad LM4F120 Stellaris.xcconfig"; sourceTree = "<group>"; };
		F0D84E191EC4FF1D00C69CA3 /* LaunchPad TM4C123 Tiva C.xcconfig */ = {isa = PBXFileReference; fileEncoding = 4; lastKnownFileType = text.xcconfig; name = "LaunchPad TM4C123 Tiva C.xcconfig"; path = "Configurations/LaunchPad TM4C123 Tiva C.xcconfig"; sourceTree = "<group>"; };
		F0D84E1A1EC4FF1D00C69CA3 /* LaunchPad TM4C129 Connected.xcconfig */ = {isa = PBXFileReference; fileEncoding = 4; lastKnownFileType = text.xcconfig; name = "LaunchPad TM4C129 Connected.xcconfig"; path = "Configurations/LaunchPad TM4C129 Connected.xcconfig"; sourceTree = "<group>"; };
		F0D84E1B1EC4FF1D00C69CA3 /* LaunchPad MSP430G2231.xcconfig */ = {isa = PBXFileReference; fileEncoding = 4; lastKnownFileType = text.xcconfig; name = "LaunchPad MSP430G2231.xcconfig"; path = "Configurations/LaunchPad MSP430G2231.xcconfig"; sourceTree = "<group>"; };
		F0D84E1C1EC4FF1D00C69CA3 /* LaunchPad MSP430G2452.xcconfig */ = {isa = PBXFileReference; fileEncoding = 4; lastKnownFileType = text.xcconfig; name = "LaunchPad MSP430G2452.xcconfig"; path = "Configurations/LaunchPad MSP430G2452.xcconfig"; sourceTree = "<group>"; };
		F0D84E1D1EC4FF1D00C69CA3 /* LaunchPad MSP430G2553.xcconfig */ = {isa = PBXFileReference; fileEncoding = 4; lastKnownFileType = text.xcconfig; name = "LaunchPad MSP430G2553.xcconfig"; path = "Configurations/LaunchPad MSP430G2553.xcconfig"; sourceTree = "<group>"; };
		F0D84E1E1EC4FF1D00C69CA3 /* LaunchPad MSP430F5529.xcconfig */ = {isa = PBXFileReference; fileEncoding = 4; lastKnownFileType = text.xcconfig; name = "LaunchPad MSP430F5529.xcconfig"; path = "Configurations/LaunchPad MSP430F5529.xcconfig"; sourceTree = "<group>"; };
		F0D84E1F1EC4FF1D00C69CA3 /* LaunchPad MSP430FR4133.xcconfig */ = {isa = PBXFileReference; fileEncoding = 4; lastKnownFileType = text.xcconfig; name = "LaunchPad MSP430FR4133.xcconfig"; path = "Configurations/LaunchPad MSP430FR4133.xcconfig"; sourceTree = "<group>"; };
		F0D84E201EC4FF1D00C69CA3 /* LaunchPad MSP430FR5969.xcconfig */ = {isa = PBXFileReference; fileEncoding = 4; lastKnownFileType = text.xcconfig; name = "LaunchPad MSP430FR5969.xcconfig"; path = "Configurations/LaunchPad MSP430FR5969.xcconfig"; sourceTree = "<group>"; };
		F0D84E211EC4FF1D00C69CA3 /* LaunchPad MSP430FR6989.xcconfig */ = {isa = PBXFileReference; fileEncoding = 4; lastKnownFileType = text.xcconfig; name = "LaunchPad MSP430FR6989.xcconfig"; path = "Configurations/LaunchPad MSP430FR6989.xcconfig"; sourceTree = "<group>"; };
		F0D84E221EC4FF1D00C69CA3 /* Teensy 2.0.xcconfig */ = {isa = PBXFileReference; fileEncoding = 4; lastKnownFileType = text.xcconfig; name = "Teensy 2.0.xcconfig"; path = "Configurations/Teensy 2.0.xcconfig"; sourceTree = "<group>"; };
		F0D84E231EC4FF1D00C69CA3 /* Teensy 3.0.xcconfig */ = {isa = PBXFileReference; fileEncoding = 4; lastKnownFileType = text.xcconfig; name = "Teensy 3.0.xcconfig"; path = "Configurations/Teensy 3.0.xcconfig"; sourceTree = "<group>"; };
		F0D84E241EC4FF1D00C69CA3 /* Teensy 3.1.xcconfig */ = {isa = PBXFileReference; fileEncoding = 4; lastKnownFileType = text.xcconfig; name = "Teensy 3.1.xcconfig"; path = "Configurations/Teensy 3.1.xcconfig"; sourceTree = "<group>"; };
		F0D84E251EC4FF1D00C69CA3 /* Teensy 3.2.xcconfig */ = {isa = PBXFileReference; fileEncoding = 4; lastKnownFileType = text.xcconfig; name = "Teensy 3.2.xcconfig"; path = "Configurations/Teensy 3.2.xcconfig"; sourceTree = "<group>"; };
		F0D84E261EC4FF1D00C69CA3 /* Teensy 3.5.xcconfig */ = {isa = PBXFileReference; fileEncoding = 4; lastKnownFileType = text.xcconfig; name = "Teensy 3.5.xcconfig"; path = "Configurations/Teensy 3.5.xcconfig"; sourceTree = "<group>"; };
		F0D84E271EC4FF1D00C69CA3 /* Teensy 3.6.xcconfig */ = {isa = PBXFileReference; fileEncoding = 4; lastKnownFileType = text.xcconfig; name = "Teensy 3.6.xcconfig"; path = "Configurations/Teensy 3.6.xcconfig"; sourceTree = "<group>"; };
		F0D84E281EC4FF1D00C69CA3 /* Teensy LC.xcconfig */ = {isa = PBXFileReference; fileEncoding = 4; lastKnownFileType = text.xcconfig; name = "Teensy LC.xcconfig"; path = "Configurations/Teensy LC.xcconfig"; sourceTree = "<group>"; };
		F0D84E2A1EC4FF2400C69CA3 /* ArduinoAVR_180.mk */ = {isa = PBXFileReference; fileEncoding = 4; lastKnownFileType = text; name = ArduinoAVR_180.mk; path = Makefiles/ArduinoAVR_180.mk; sourceTree = "<group>"; };
		F0D84E2B1EC4FF2400C69CA3 /* ArduinoAVR_181.mk */ = {isa = PBXFileReference; fileEncoding = 4; lastKnownFileType = text; name = ArduinoAVR_181.mk; path = Makefiles/ArduinoAVR_181.mk; sourceTree = "<group>"; };
		F0D84E2C1EC4FF2400C69CA3 /* ArduinoSAM_180.mk */ = {isa = PBXFileReference; fileEncoding = 4; lastKnownFileType = text; name = ArduinoSAM_180.mk; path = Makefiles/ArduinoSAM_180.mk; sourceTree = "<group>"; };
		F0D84E2D1EC4FF2400C69CA3 /* ArduinoSAMD_180.mk */ = {isa = PBXFileReference; fileEncoding = 4; lastKnownFileType = text; name = ArduinoSAMD_180.mk; path = Makefiles/ArduinoSAMD_180.mk; sourceTree = "<group>"; };
		F0D84E2E1EC4FF2400C69CA3 /* EnergiaMSP430_18.mk */ = {isa = PBXFileReference; fileEncoding = 4; lastKnownFileType = text; name = EnergiaMSP430_18.mk; path = Makefiles/EnergiaMSP430_18.mk; sourceTree = "<group>"; };
		F0D84E2F1EC4FF2400C69CA3 /* EnergiaMSP430_19.mk */ = {isa = PBXFileReference; fileEncoding = 4; lastKnownFileType = text; name = EnergiaMSP430_19.mk; path = Makefiles/EnergiaMSP430_19.mk; sourceTree = "<group>"; };
		F0D84E301EC4FF2400C69CA3 /* EnergiaMSP432EMT_18.mk */ = {isa = PBXFileReference; fileEncoding = 4; lastKnownFileType = text; name = EnergiaMSP432EMT_18.mk; path = Makefiles/EnergiaMSP432EMT_18.mk; sourceTree = "<group>"; };
		F0D84E311EC4FF2400C69CA3 /* EnergiaTIVAC_18.mk */ = {isa = PBXFileReference; fileEncoding = 4; lastKnownFileType = text; name = EnergiaTIVAC_18.mk; path = Makefiles/EnergiaTIVAC_18.mk; sourceTree = "<group>"; };
		F0D84E321EC4FF2400C69CA3 /* EnergiaCC3200_18.mk */ = {isa = PBXFileReference; fileEncoding = 4; lastKnownFileType = text; name = EnergiaCC3200_18.mk; path = Makefiles/EnergiaCC3200_18.mk; sourceTree = "<group>"; };
		F0D84E331EC4FF2400C69CA3 /* EnergiaCC3200EMT_18.mk */ = {isa = PBXFileReference; fileEncoding = 4; lastKnownFileType = text; name = EnergiaCC3200EMT_18.mk; path = Makefiles/EnergiaCC3200EMT_18.mk; sourceTree = "<group>"; };
		F0D84E341EC4FF2400C69CA3 /* ESP8266_180.mk */ = {isa = PBXFileReference; fileEncoding = 4; lastKnownFileType = text; name = ESP8266_180.mk; path = Makefiles/ESP8266_180.mk; sourceTree = "<group>"; };
		F0D84E351EC4FF2400C69CA3 /* Teensy.mk */ = {isa = PBXFileReference; fileEncoding = 4; lastKnownFileType = text; name = Teensy.mk; path = Makefiles/Teensy.mk; sourceTree = "<group>"; };
		F0D84E361EC4FF2400C69CA3 /* Teensy2.mk */ = {isa = PBXFileReference; fileEncoding = 4; lastKnownFileType = text; name = Teensy2.mk; path = Makefiles/Teensy2.mk; sourceTree = "<group>"; };
		F0D84E371EC4FF2400C69CA3 /* Teensy3.mk */ = {isa = PBXFileReference; fileEncoding = 4; lastKnownFileType = text; name = Teensy3.mk; path = Makefiles/Teensy3.mk; sourceTree = "<group>"; };
		F0D84E381EC4FF2400C69CA3 /* About.mk */ = {isa = PBXFileReference; fileEncoding = 4; lastKnownFileType = text; name = About.mk; path = Makefiles/About.mk; sourceTree = "<group>"; };
		F0D84E391EC4FF2400C69CA3 /* Step1.mk */ = {isa = PBXFileReference; fileEncoding = 4; lastKnownFileType = text; name = Step1.mk; path = Makefiles/Step1.mk; sourceTree = "<group>"; };
		F0D84E3A1EC4FF2400C69CA3 /* Step2.mk */ = {isa = PBXFileReference; fileEncoding = 4; lastKnownFileType = text; name = Step2.mk; path = Makefiles/Step2.mk; sourceTree = "<group>"; };
		F0D84E3B1EC4FF2400C69CA3 /* Avrdude.mk */ = {isa = PBXFileReference; fileEncoding = 4; lastKnownFileType = text; name = Avrdude.mk; path = Makefiles/Avrdude.mk; sourceTree = "<group>"; };
/* End PBXFileReference section */

/* Begin PBXGroup section */
		86A232C01D524D0400BBC8C7 = {
			isa = PBXGroup;
			children = (
				F0D84DF21EC4FE6F00C69CA3 /* nanismus project.xcodeproj */,
				86A232CE1D524D0500BBC8C7 /* nanismus */,
				86A232CD1D524D0500BBC8C7 /* Products */,
			);
			sourceTree = "<group>";
		};
		86A232CD1D524D0500BBC8C7 /* Products */ = {
			isa = PBXGroup;
			children = (
				86A232CC1D524D0500BBC8C7 /* Index */,
			);
			name = Products;
			sourceTree = "<group>";
		};
		86A232CE1D524D0500BBC8C7 /* nanismus */ = {
			isa = PBXGroup;
			children = (
				F0D84E3C1EC4FF2400C69CA3 /* Makefiles */,
				F0D84E291EC4FF1D00C69CA3 /* Configurations */,
				F0D84DFE1EC4FF1100C69CA3 /* Sketchbook */,
				F09AB4B51EBF98DC006D3152 /* Arduino */,
				86F5FAB71D621747002E1616 /* fritzing files */,
				86F0C5851D5A4FEF00DF21F9 /* pcb code */,
				864D3A851D6923310057C367 /* website */,
				86A232D41D524D0500BBC8C7 /* Sketchbook */,
				86A233261D524D0600BBC8C7 /* Makefiles */,
				86A2334A1D524D0700BBC8C7 /* Utilities */,
			);
			path = nanismus;
			sourceTree = "<group>";
		};
		86A232D41D524D0500BBC8C7 /* Sketchbook */ = {
			isa = PBXGroup;
			children = (
				86F0C5831D5A3C9000DF21F9 /* Libraries */,
				86A232D51D524D0500BBC8C7 /* Sketchbook.txt */,
			);
			name = Sketchbook;
			sourceTree = "<group>";
		};
		86A233261D524D0600BBC8C7 /* Makefiles */ = {
			isa = PBXGroup;
			children = (
				86A233271D524D0600BBC8C7 /* AdafruitAVR_165.mk */,
				86A233281D524D0600BBC8C7 /* ArduinoAVR_165.mk */,
				86A233291D524D0600BBC8C7 /* ArduinoAVR_166.mk */,
				86A2332A1D524D0600BBC8C7 /* ArduinoAVR_177.mk */,
				86A2332B1D524D0600BBC8C7 /* ArduinoSAM_165.mk */,
				86A2332C1D524D0600BBC8C7 /* ArduinoSAM_177.mk */,
				86A2332D1D524D0600BBC8C7 /* ArduinoSAMD_165.mk */,
				86A2332E1D524D0600BBC8C7 /* ArduinoSAMD_177.mk */,
				86A2332F1D524D0600BBC8C7 /* DigistumpAVR_165.mk */,
				86A233301D524D0600BBC8C7 /* DigistumpOAK_165.mk */,
				86A233311D524D0600BBC8C7 /* EnergiaMSP430.mk */,
				86A233321D524D0600BBC8C7 /* EnergiaMSP432EMT.mk */,
				86A233331D524D0600BBC8C7 /* EnergiaLM4F.mk */,
				86A233341D524D0600BBC8C7 /* EnergiaCC3200.mk */,
				86A233351D524D0600BBC8C7 /* EnergiaCC3200EMT.mk */,
				86A233361D524D0600BBC8C7 /* IntelEdison_165.mk */,
				86A233371D524D0600BBC8C7 /* IntelGalileo_165.mk */,
				86A233381D524D0600BBC8C7 /* ESP8266_165.mk */,
				86A233391D524D0600BBC8C7 /* MapleIDE.mk */,
				86A2333A1D524D0600BBC8C7 /* LittleRobotFriends_165.mk */,
				86A2333B1D524D0600BBC8C7 /* RedBearLabAVR_165.mk */,
				86A2333C1D524D0600BBC8C7 /* RedBearLabNRF_165.mk */,
				86A2333D1D524D0600BBC8C7 /* Microduino_168.mk */,
				86A2333E1D524D0700BBC8C7 /* chipKIT_165.mk */,
				86A2333F1D524D0700BBC8C7 /* panStampAVR_165.mk */,
				86A233401D524D0700BBC8C7 /* panStampNRG_165.mk */,
				86A233411D524D0700BBC8C7 /* Wiring.mk */,
				86A233421D524D0700BBC8C7 /* Teensy.mk */,
				86A233431D524D0700BBC8C7 /* Teensy2.mk */,
				86A233441D524D0700BBC8C7 /* Teensy3.mk */,
				86A233451D524D0700BBC8C7 /* UdooNeo_165.mk */,
				86A233461D524D0700BBC8C7 /* About.mk */,
				86A233471D524D0700BBC8C7 /* Step1.mk */,
				86A233481D524D0700BBC8C7 /* Step2.mk */,
				86A233491D524D0700BBC8C7 /* Avrdude.mk */,
			);
			name = Makefiles;
			sourceTree = "<group>";
		};
		86A2334A1D524D0700BBC8C7 /* Utilities */ = {
			isa = PBXGroup;
			children = (
				86A2334B1D524D0700BBC8C7 /* reset_maple.py */,
				86A2334C1D524D0700BBC8C7 /* reset_1200.py */,
				86A2334E1D524D0700BBC8C7 /* embedXcode_check */,
				86A2334F1D524D0700BBC8C7 /* embedXcode_chrono */,
				86A233501D524D0700BBC8C7 /* TemplateIcon.icns */,
				86A233511D524D0700BBC8C7 /* uploader_izmir.sh */,
			);
			name = Utilities;
			sourceTree = "<group>";
		};
		86F0C5851D5A4FEF00DF21F9 /* pcb code */ = {
			isa = PBXGroup;
			children = (
				86A232CF1D524D0500BBC8C7 /* main.cpp */,
				86A232D11D524D0500BBC8C7 /* Makefile */,
				86A232D31D524D0500BBC8C7 /* ReadMe.txt */,
				86A233521D524D0700BBC8C7 /* nanismus.ino */,
			);
			name = "pcb code";
			sourceTree = "<group>";
		};
		86F5FAB71D621747002E1616 /* fritzing files */ = {
			isa = PBXGroup;
			children = (
				86F5FAB81D621771002E1616 /* fritzing */,
			);
			name = "fritzing files";
			sourceTree = "<group>";
		};
		F0D84DF31EC4FE6F00C69CA3 /* Products */ = {
			isa = PBXGroup;
			children = (
				F0D84DFC1EC4FE7100C69CA3 /* Index */,
			);
			name = Products;
			sourceTree = "<group>";
		};
		F0D84DFE1EC4FF1100C69CA3 /* Sketchbook */ = {
			isa = PBXGroup;
			children = (
				F0D84DFD1EC4FF1100C69CA3 /* Sketchbook.txt */,
			);
			name = Sketchbook;
			path = "../nanismus project/nanismus project";
			sourceTree = "<group>";
		};
		F0D84E291EC4FF1D00C69CA3 /* Configurations */ = {
			isa = PBXGroup;
			children = (
				F0D84DFF1EC4FF1D00C69CA3 /* Arduino Due (Programming Port).xcconfig */,
				F0D84E001EC4FF1D00C69CA3 /* Arduino Duemilanove.xcconfig */,
				F0D84E011EC4FF1D00C69CA3 /* Arduino Leonardo.xcconfig */,
				F0D84E021EC4FF1D00C69CA3 /* Arduino Mega 2560.xcconfig */,
				F0D84E031EC4FF1D00C69CA3 /* Arduino Micro.xcconfig */,
				F0D84E041EC4FF1D00C69CA3 /* Arduino Pro ATmega328-3.3V.xcconfig */,
				F0D84E051EC4FF1D00C69CA3 /* Arduino Pro ATmega328-5V.xcconfig */,
				F0D84E061EC4FF1D00C69CA3 /* Arduino Mini ATmega168.xcconfig */,
				F0D84E071EC4FF1D00C69CA3 /* Arduino Mini ATmega328.xcconfig */,
				F0D84E081EC4FF1D00C69CA3 /* Arduino Nano ATmega168.xcconfig */,
				F0D84E091EC4FF1D00C69CA3 /* Arduino Nano ATmega328.xcconfig */,
				F0D84E0A1EC4FF1D00C69CA3 /* Arduino Robot Control.xcconfig */,
				F0D84E0B1EC4FF1D00C69CA3 /* Arduino Robot Motor.xcconfig */,
				F0D84E0C1EC4FF1D00C69CA3 /* Arduino Uno.xcconfig */,
				F0D84E0D1EC4FF1D00C69CA3 /* Arduino Yun (USB).xcconfig */,
				F0D84E0E1EC4FF1D00C69CA3 /* Arduino Zero (Programming Port).xcconfig */,
				F0D84E0F1EC4FF1D00C69CA3 /* Arduino M0 Pro (Programming Port).xcconfig */,
				F0D84E101EC4FF1D00C69CA3 /* Arduino Tian (USB).xcconfig */,
				F0D84E111EC4FF1D00C69CA3 /* ESP8266.xcconfig */,
				F0D84E121EC4FF1D00C69CA3 /* NodeMCU 0.9 ESP-12.xcconfig */,
				F0D84E131EC4FF1D00C69CA3 /* NodeMCU 1.0 ESP-12E.xcconfig */,
				F0D84E141EC4FF1D00C69CA3 /* Experimeter Board MSP430FR5739.xcconfig */,
				F0D84E151EC4FF1D00C69CA3 /* LaunchPad MSP432P401 EMT.xcconfig */,
				F0D84E161EC4FF1D00C69CA3 /* LaunchPad CC3200 WiFi.xcconfig */,
				F0D84E171EC4FF1D00C69CA3 /* LaunchPad CC3200 WiFi EMT.xcconfig */,
				F0D84E181EC4FF1D00C69CA3 /* LaunchPad LM4F120 Stellaris.xcconfig */,
				F0D84E191EC4FF1D00C69CA3 /* LaunchPad TM4C123 Tiva C.xcconfig */,
				F0D84E1A1EC4FF1D00C69CA3 /* LaunchPad TM4C129 Connected.xcconfig */,
				F0D84E1B1EC4FF1D00C69CA3 /* LaunchPad MSP430G2231.xcconfig */,
				F0D84E1C1EC4FF1D00C69CA3 /* LaunchPad MSP430G2452.xcconfig */,
				F0D84E1D1EC4FF1D00C69CA3 /* LaunchPad MSP430G2553.xcconfig */,
				F0D84E1E1EC4FF1D00C69CA3 /* LaunchPad MSP430F5529.xcconfig */,
				F0D84E1F1EC4FF1D00C69CA3 /* LaunchPad MSP430FR4133.xcconfig */,
				F0D84E201EC4FF1D00C69CA3 /* LaunchPad MSP430FR5969.xcconfig */,
				F0D84E211EC4FF1D00C69CA3 /* LaunchPad MSP430FR6989.xcconfig */,
				F0D84E221EC4FF1D00C69CA3 /* Teensy 2.0.xcconfig */,
				F0D84E231EC4FF1D00C69CA3 /* Teensy 3.0.xcconfig */,
				F0D84E241EC4FF1D00C69CA3 /* Teensy 3.1.xcconfig */,
				F0D84E251EC4FF1D00C69CA3 /* Teensy 3.2.xcconfig */,
				F0D84E261EC4FF1D00C69CA3 /* Teensy 3.5.xcconfig */,
				F0D84E271EC4FF1D00C69CA3 /* Teensy 3.6.xcconfig */,
				F0D84E281EC4FF1D00C69CA3 /* Teensy LC.xcconfig */,
			);
			name = Configurations;
			path = "../nanismus project/nanismus project";
			sourceTree = "<group>";
		};
		F0D84E3C1EC4FF2400C69CA3 /* Makefiles */ = {
			isa = PBXGroup;
			children = (
				F0D84E2A1EC4FF2400C69CA3 /* ArduinoAVR_180.mk */,
				F0D84E2B1EC4FF2400C69CA3 /* ArduinoAVR_181.mk */,
				F0D84E2C1EC4FF2400C69CA3 /* ArduinoSAM_180.mk */,
				F0D84E2D1EC4FF2400C69CA3 /* ArduinoSAMD_180.mk */,
				F0D84E2E1EC4FF2400C69CA3 /* EnergiaMSP430_18.mk */,
				F0D84E2F1EC4FF2400C69CA3 /* EnergiaMSP430_19.mk */,
				F0D84E301EC4FF2400C69CA3 /* EnergiaMSP432EMT_18.mk */,
				F0D84E311EC4FF2400C69CA3 /* EnergiaTIVAC_18.mk */,
				F0D84E321EC4FF2400C69CA3 /* EnergiaCC3200_18.mk */,
				F0D84E331EC4FF2400C69CA3 /* EnergiaCC3200EMT_18.mk */,
				F0D84E341EC4FF2400C69CA3 /* ESP8266_180.mk */,
				F0D84E351EC4FF2400C69CA3 /* Teensy.mk */,
				F0D84E361EC4FF2400C69CA3 /* Teensy2.mk */,
				F0D84E371EC4FF2400C69CA3 /* Teensy3.mk */,
				F0D84E381EC4FF2400C69CA3 /* About.mk */,
				F0D84E391EC4FF2400C69CA3 /* Step1.mk */,
				F0D84E3A1EC4FF2400C69CA3 /* Step2.mk */,
				F0D84E3B1EC4FF2400C69CA3 /* Avrdude.mk */,
			);
			name = Makefiles;
			path = "../nanismus project/nanismus project";
			sourceTree = "<group>";
		};
/* End PBXGroup section */

/* Begin PBXLegacyTarget section */
		86A232C51D524D0400BBC8C7 /* All */ = {
			isa = PBXLegacyTarget;
			buildArgumentsString = all;
			buildConfigurationList = 86A233551D524D0700BBC8C7 /* Build configuration list for PBXLegacyTarget "All" */;
			buildPhases = (
			);
			buildToolPath = make;
			buildWorkingDirectory = "$(PROJECT)";
			dependencies = (
			);
			name = All;
			passBuildSettingsInEnvironment = 1;
			productName = All;
		};
		86A232C61D524D0500BBC8C7 /* Build */ = {
			isa = PBXLegacyTarget;
			buildArgumentsString = build;
			buildConfigurationList = 86A233581D524D0700BBC8C7 /* Build configuration list for PBXLegacyTarget "Build" */;
			buildPhases = (
			);
			buildToolPath = make;
			buildWorkingDirectory = "$(PROJECT)";
			dependencies = (
			);
			name = Build;
			passBuildSettingsInEnvironment = 1;
			productName = Build;
		};
		86A232C71D524D0500BBC8C7 /* Boards */ = {
			isa = PBXLegacyTarget;
			buildArgumentsString = boards;
			buildConfigurationList = 86A2335B1D524D0700BBC8C7 /* Build configuration list for PBXLegacyTarget "Boards" */;
			buildPhases = (
			);
			buildToolPath = make;
			buildWorkingDirectory = "$(PROJECT)";
			dependencies = (
			);
			name = Boards;
			passBuildSettingsInEnvironment = 1;
			productName = Boards;
		};
		86A232C81D524D0500BBC8C7 /* Serial */ = {
			isa = PBXLegacyTarget;
			buildArgumentsString = serial;
			buildConfigurationList = 86A2335E1D524D0700BBC8C7 /* Build configuration list for PBXLegacyTarget "Serial" */;
			buildPhases = (
			);
			buildToolPath = make;
			buildWorkingDirectory = "$(PROJECT)";
			dependencies = (
			);
			name = Serial;
			passBuildSettingsInEnvironment = 1;
			productName = Serial;
		};
		86A232C91D524D0500BBC8C7 /* Upload */ = {
			isa = PBXLegacyTarget;
			buildArgumentsString = upload;
			buildConfigurationList = 86A233611D524D0700BBC8C7 /* Build configuration list for PBXLegacyTarget "Upload" */;
			buildPhases = (
			);
			buildToolPath = make;
			buildWorkingDirectory = "$(PROJECT)";
			dependencies = (
			);
			name = Upload;
			passBuildSettingsInEnvironment = 1;
			productName = Upload;
		};
/* End PBXLegacyTarget section */

/* Begin PBXNativeTarget section */
		86A232CB1D524D0500BBC8C7 /* Index */ = {
			isa = PBXNativeTarget;
			buildConfigurationList = 86A233641D524D0700BBC8C7 /* Build configuration list for PBXNativeTarget "Index" */;
			buildPhases = (
				86A232CA1D524D0500BBC8C7 /* Sources */,
			);
			buildRules = (
			);
			dependencies = (
			);
			name = Index;
			productName = Index;
			productReference = 86A232CC1D524D0500BBC8C7 /* Index */;
			productType = "com.apple.product-type.tool";
		};
/* End PBXNativeTarget section */

/* Begin PBXProject section */
		86A232C11D524D0400BBC8C7 /* Project object */ = {
			isa = PBXProject;
			attributes = {
				LastUpgradeCheck = 0800;
				ORGANIZATIONNAME = "Stefan Willuda";
				TargetAttributes = {
					86A232C51D524D0400BBC8C7 = {
						CreatedOnToolsVersion = 7.3.1;
					};
					86A232C61D524D0500BBC8C7 = {
						CreatedOnToolsVersion = 7.3.1;
					};
					86A232C71D524D0500BBC8C7 = {
						CreatedOnToolsVersion = 7.3.1;
					};
					86A232C81D524D0500BBC8C7 = {
						CreatedOnToolsVersion = 7.3.1;
					};
					86A232C91D524D0500BBC8C7 = {
						CreatedOnToolsVersion = 7.3.1;
					};
					86A232CB1D524D0500BBC8C7 = {
						CreatedOnToolsVersion = 7.3.1;
					};
				};
			};
			buildConfigurationList = 86A232C41D524D0400BBC8C7 /* Build configuration list for PBXProject "nanismus" */;
			compatibilityVersion = "Xcode 3.2";
			developmentRegion = English;
			hasScannedForEncodings = 0;
			knownRegions = (
				en,
			);
			mainGroup = 86A232C01D524D0400BBC8C7;
			productRefGroup = 86A232CD1D524D0500BBC8C7 /* Products */;
			projectDirPath = "";
			projectReferences = (
				{
					ProductGroup = F0D84DF31EC4FE6F00C69CA3 /* Products */;
					ProjectRef = F0D84DF21EC4FE6F00C69CA3 /* nanismus project.xcodeproj */;
				},
			);
			projectRoot = "";
			targets = (
				86A232C51D524D0400BBC8C7 /* All */,
				86A232C61D524D0500BBC8C7 /* Build */,
				86A232C71D524D0500BBC8C7 /* Boards */,
				86A232C81D524D0500BBC8C7 /* Serial */,
				86A232C91D524D0500BBC8C7 /* Upload */,
				86A232CB1D524D0500BBC8C7 /* Index */,
			);
		};
/* End PBXProject section */

/* Begin PBXReferenceProxy section */
		F0D84DFC1EC4FE7100C69CA3 /* Index */ = {
			isa = PBXReferenceProxy;
			fileType = "compiled.mach-o.executable";
			path = Index;
			remoteRef = F0D84DFB1EC4FE7100C69CA3 /* PBXContainerItemProxy */;
			sourceTree = BUILT_PRODUCTS_DIR;
		};
/* End PBXReferenceProxy section */

/* Begin PBXSourcesBuildPhase section */
		86A232CA1D524D0500BBC8C7 /* Sources */ = {
			isa = PBXSourcesBuildPhase;
			buildActionMask = 2147483647;
			files = (
				86A232D01D524D0500BBC8C7 /* main.cpp in Sources */,
				862233521D524D0700BBC8C7 /* nanismus.ino in Sources */,
			);
			runOnlyForDeploymentPostprocessing = 0;
		};
/* End PBXSourcesBuildPhase section */

/* Begin XCBuildConfiguration section */
		86A233531D524D0700BBC8C7 /* Debug */ = {
			isa = XCBuildConfiguration;
			buildSettings = {
				ALWAYS_SEARCH_USER_PATHS = YES;
				CLANG_ANALYZER_NONNULL = YES;
				CLANG_CXX_LANGUAGE_STANDARD = "gnu++0x";
				CLANG_CXX_LIBRARY = "libc++";
				CLANG_ENABLE_MODULES = YES;
				CLANG_ENABLE_OBJC_ARC = YES;
				CLANG_WARN_BOOL_CONVERSION = YES;
				CLANG_WARN_CONSTANT_CONVERSION = YES;
				CLANG_WARN_DIRECT_OBJC_ISA_USAGE = YES_ERROR;
				CLANG_WARN_EMPTY_BODY = YES;
				CLANG_WARN_ENUM_CONVERSION = YES;
				CLANG_WARN_INFINITE_RECURSION = YES;
				CLANG_WARN_INT_CONVERSION = YES;
				CLANG_WARN_OBJC_ROOT_CLASS = YES_ERROR;
				CLANG_WARN_SUSPICIOUS_MOVE = YES;
				CLANG_WARN_UNREACHABLE_CODE = YES;
				CLANG_WARN__DUPLICATE_METHOD_MATCH = YES;
				COPY_PHASE_STRIP = NO;
				DEBUG_INFORMATION_FORMAT = dwarf;
				ENABLE_STRICT_OBJC_MSGSEND = YES;
				ENABLE_TESTABILITY = YES;
				GCC_C_LANGUAGE_STANDARD = gnu99;
				GCC_DYNAMIC_NO_PIC = NO;
				GCC_NO_COMMON_BLOCKS = YES;
				GCC_OPTIMIZATION_LEVEL = 0;
				GCC_PREPROCESSOR_DEFINITIONS = (
					"DEBUG=1",
					"$(inherited)",
				);
				GCC_WARN_64_TO_32_BIT_CONVERSION = YES;
				GCC_WARN_ABOUT_RETURN_TYPE = YES_ERROR;
				GCC_WARN_UNDECLARED_SELECTOR = YES;
				GCC_WARN_UNINITIALIZED_AUTOS = YES_AGGRESSIVE;
				GCC_WARN_UNUSED_FUNCTION = YES;
				GCC_WARN_UNUSED_VARIABLE = YES;
				HEADER_SEARCH_PATHS = "$(inherited)";
				MTL_ENABLE_DEBUG_INFO = YES;
				ONLY_ACTIVE_ARCH = YES;
				PATH = "$(PATH):$(PROJECT_DIR)";
				PRODUCT_NAME = "$(TARGET_NAME)";
				SKETCHBOOK_DIR = "";
				UPDATE_POLICY = 0;
			};
			name = Debug;
		};
		86A233541D524D0700BBC8C7 /* Release */ = {
			isa = XCBuildConfiguration;
			buildSettings = {
				ALWAYS_SEARCH_USER_PATHS = YES;
				CLANG_ANALYZER_NONNULL = YES;
				CLANG_CXX_LANGUAGE_STANDARD = "gnu++0x";
				CLANG_CXX_LIBRARY = "libc++";
				CLANG_ENABLE_MODULES = YES;
				CLANG_ENABLE_OBJC_ARC = YES;
				CLANG_WARN_BOOL_CONVERSION = YES;
				CLANG_WARN_CONSTANT_CONVERSION = YES;
				CLANG_WARN_DIRECT_OBJC_ISA_USAGE = YES_ERROR;
				CLANG_WARN_EMPTY_BODY = YES;
				CLANG_WARN_ENUM_CONVERSION = YES;
				CLANG_WARN_INFINITE_RECURSION = YES;
				CLANG_WARN_INT_CONVERSION = YES;
				CLANG_WARN_OBJC_ROOT_CLASS = YES_ERROR;
				CLANG_WARN_SUSPICIOUS_MOVE = YES;
				CLANG_WARN_UNREACHABLE_CODE = YES;
				CLANG_WARN__DUPLICATE_METHOD_MATCH = YES;
				COPY_PHASE_STRIP = NO;
				DEBUG_INFORMATION_FORMAT = "dwarf-with-dsym";
				ENABLE_NS_ASSERTIONS = NO;
				ENABLE_STRICT_OBJC_MSGSEND = YES;
				GCC_C_LANGUAGE_STANDARD = gnu99;
				GCC_NO_COMMON_BLOCKS = YES;
				GCC_WARN_64_TO_32_BIT_CONVERSION = YES;
				GCC_WARN_ABOUT_RETURN_TYPE = YES_ERROR;
				GCC_WARN_UNDECLARED_SELECTOR = YES;
				GCC_WARN_UNINITIALIZED_AUTOS = YES_AGGRESSIVE;
				GCC_WARN_UNUSED_FUNCTION = YES;
				GCC_WARN_UNUSED_VARIABLE = YES;
				HEADER_SEARCH_PATHS = "$(inherited)";
				MTL_ENABLE_DEBUG_INFO = NO;
				PATH = "$(PATH):$(PROJECT_DIR)";
				PRODUCT_NAME = "$(TARGET_NAME)";
				SKETCHBOOK_DIR = "";
				UPDATE_POLICY = 0;
			};
			name = Release;
		};
		86A233561D524D0700BBC8C7 /* Debug */ = {
			isa = XCBuildConfiguration;
			buildSettings = {
				PRODUCT_NAME = "$(TARGET_NAME)";
			};
			name = Debug;
		};
		86A233571D524D0700BBC8C7 /* Release */ = {
			isa = XCBuildConfiguration;
			buildSettings = {
				PRODUCT_NAME = "$(TARGET_NAME)";
			};
			name = Release;
		};
		86A233591D524D0700BBC8C7 /* Debug */ = {
			isa = XCBuildConfiguration;
			buildSettings = {
			};
			name = Debug;
		};
		86A2335A1D524D0700BBC8C7 /* Release */ = {
			isa = XCBuildConfiguration;
			buildSettings = {
			};
			name = Release;
		};
		86A2335C1D524D0700BBC8C7 /* Debug */ = {
			isa = XCBuildConfiguration;
			buildSettings = {
			};
			name = Debug;
		};
		86A2335D1D524D0700BBC8C7 /* Release */ = {
			isa = XCBuildConfiguration;
			buildSettings = {
			};
			name = Release;
		};
		86A2335F1D524D0700BBC8C7 /* Debug */ = {
			isa = XCBuildConfiguration;
			buildSettings = {
			};
			name = Debug;
		};
		86A233601D524D0700BBC8C7 /* Release */ = {
			isa = XCBuildConfiguration;
			buildSettings = {
			};
			name = Release;
		};
		86A233621D524D0700BBC8C7 /* Debug */ = {
			isa = XCBuildConfiguration;
			buildSettings = {
			};
			name = Debug;
		};
		86A233631D524D0700BBC8C7 /* Release */ = {
			isa = XCBuildConfiguration;
			buildSettings = {
			};
			name = Release;
		};
		86A233651D524D0700BBC8C7 /* Debug */ = {
			isa = XCBuildConfiguration;
			buildSettings = {
			};
			name = Debug;
		};
		86A233661D524D0700BBC8C7 /* Release */ = {
			isa = XCBuildConfiguration;
			buildSettings = {
			};
			name = Release;
		};
/* End XCBuildConfiguration section */

/* Begin XCConfigurationList section */
		86A232C41D524D0400BBC8C7 /* Build configuration list for PBXProject "nanismus" */ = {
			isa = XCConfigurationList;
			buildConfigurations = (
				86A233531D524D0700BBC8C7 /* Debug */,
				86A233541D524D0700BBC8C7 /* Release */,
			);
			defaultConfigurationIsVisible = 0;
			defaultConfigurationName = Release;
		};
		86A233551D524D0700BBC8C7 /* Build configuration list for PBXLegacyTarget "All" */ = {
			isa = XCConfigurationList;
			buildConfigurations = (
				86A233561D524D0700BBC8C7 /* Debug */,
				86A233571D524D0700BBC8C7 /* Release */,
			);
			defaultConfigurationIsVisible = 0;
			defaultConfigurationName = Release;
		};
		86A233581D524D0700BBC8C7 /* Build configuration list for PBXLegacyTarget "Build" */ = {
			isa = XCConfigurationList;
			buildConfigurations = (
				86A233591D524D0700BBC8C7 /* Debug */,
				86A2335A1D524D0700BBC8C7 /* Release */,
			);
			defaultConfigurationIsVisible = 0;
			defaultConfigurationName = Release;
		};
		86A2335B1D524D0700BBC8C7 /* Build configuration list for PBXLegacyTarget "Boards" */ = {
			isa = XCConfigurationList;
			buildConfigurations = (
				86A2335C1D524D0700BBC8C7 /* Debug */,
				86A2335D1D524D0700BBC8C7 /* Release */,
			);
			defaultConfigurationIsVisible = 0;
			defaultConfigurationName = Release;
		};
		86A2335E1D524D0700BBC8C7 /* Build configuration list for PBXLegacyTarget "Serial" */ = {
			isa = XCConfigurationList;
			buildConfigurations = (
				86A2335F1D524D0700BBC8C7 /* Debug */,
				86A233601D524D0700BBC8C7 /* Release */,
			);
			defaultConfigurationIsVisible = 0;
			defaultConfigurationName = Release;
		};
		86A233611D524D0700BBC8C7 /* Build configuration list for PBXLegacyTarget "Upload" */ = {
			isa = XCConfigurationList;
			buildConfigurations = (
				86A233621D524D0700BBC8C7 /* Debug */,
				86A233631D524D0700BBC8C7 /* Release */,
			);
			defaultConfigurationIsVisible = 0;
			defaultConfigurationName = Release;
		};
		86A233641D524D0700BBC8C7 /* Build configuration list for PBXNativeTarget "Index" */ = {
			isa = XCConfigurationList;
			buildConfigurations = (
				86A233651D524D0700BBC8C7 /* Debug */,
				86A233661D524D0700BBC8C7 /* Release */,
			);
			defaultConfigurationIsVisible = 0;
			defaultConfigurationName = Release;
		};
/* End XCConfigurationList section */
	};
	rootObject = 86A232C11D524D0400BBC8C7 /* Project object */;
}
